PODS:
  - ModuleARouter (1.0.0-Router):
    - RaRouter
  - RaRouter (2.2.0)

DEPENDENCIES:
  - ModuleARouter (from `ModuleARouter/`)
  - RaRouter

SPEC REPOS:
  trunk:
    - RaRouter

EXTERNAL SOURCES:
  ModuleARouter:
    :path: ModuleARouter/

SPEC CHECKSUMS:
  ModuleARouter: 15a75873f17b9bb4c4452b300cc0bcfd7a634da1
  RaRouter: 09fbbb2850e9bf764c2b23ca0fb8fbeec1ac8559

PODFILE CHECKSUM: 6ab1395cf3def2080bd5ab523980b90fa5b78187

COCOAPODS: 1.9.3
