PODS:
  - ModuleARouter (1.0.0-Router):
    - RaRouter (>= 2.0.0-beta.1)
  - RaRouter (2.0.0-beta.1)

DEPENDENCIES:
  - ModuleARouter (from `ModuleARouter/`)
  - RaRouter (>= 2.0.0-beta.1)

SPEC REPOS:
  trunk:
    - RaRouter

EXTERNAL SOURCES:
  ModuleARouter:
    :path: ModuleARouter/

SPEC CHECKSUMS:
  ModuleARouter: e564491bd206e540c8c886dc2e7cb67a061af95c
  RaRouter: 1951dcc1736f12610ddd7be972eeec314dfa8fd4

PODFILE CHECKSUM: ffa424b5b4d28026bb29124d8ee33f73873e07a6

COCOAPODS: 1.9.3
