// !$*UTF8*$!
{
	archiveVersion = 1;
	classes = {
	};
	objectVersion = 51;
	objects = {

/* Begin PBXBuildFile section */
		3AB55CFE2445851E00E96098 /* AppDelegate.swift in Sources */ = {isa = PBXBuildFile; fileRef = 3AB55CFD2445851E00E96098 /* AppDelegate.swift */; };
		3AB55D002445851E00E96098 /* SceneDelegate.swift in Sources */ = {isa = PBXBuildFile; fileRef = 3AB55CFF2445851E00E96098 /* SceneDelegate.swift */; };
		3AB55D022445851E00E96098 /* ViewController.swift in Sources */ = {isa = PBXBuildFile; fileRef = 3AB55D012445851E00E96098 /* ViewController.swift */; };
		3AB55D052445851E00E96098 /* Main.storyboard in Resources */ = {isa = PBXBuildFile; fileRef = 3AB55D032445851E00E96098 /* Main.storyboard */; };
		3AB55D072445852000E96098 /* Assets.xcassets in Resources */ = {isa = PBXBuildFile; fileRef = 3AB55D062445852000E96098 /* Assets.xcassets */; };
		3AB55D0A2445852000E96098 /* LaunchScreen.storyboard in Resources */ = {isa = PBXBuildFile; fileRef = 3AB55D082445852000E96098 /* LaunchScreen.storyboard */; };
		3AB5608A244586E200E96098 /* Interface.swift in Sources */ = {isa = PBXBuildFile; fileRef = 3AB56089244586E200E96098 /* Interface.swift */; };
		3AB5609C244587DF00E96098 /* ExamplesRouter.podspec in Resources */ = {isa = PBXBuildFile; fileRef = 3AB5609B244587DF00E96098 /* ExamplesRouter.podspec */; };
		5D66D290E5CF4D169A47F976 /* Pods_ExamplesRouter.framework in Frameworks */ = {isa = PBXBuildFile; fileRef = 11EA63867733B513300A478B /* Pods_ExamplesRouter.framework */; };
/* End PBXBuildFile section */

/* Begin PBXFileReference section */
		11EA63867733B513300A478B /* Pods_ExamplesRouter.framework */ = {isa = PBXFileReference; explicitFileType = wrapper.framework; includeInIndex = 0; path = Pods_ExamplesRouter.framework; sourceTree = BUILT_PRODUCTS_DIR; };
		3AB55CFA2445851E00E96098 /* ExamplesRouter.app */ = {isa = PBXFileReference; explicitFileType = wrapper.application; includeInIndex = 0; path = ExamplesRouter.app; sourceTree = BUILT_PRODUCTS_DIR; };
		3AB55CFD2445851E00E96098 /* AppDelegate.swift */ = {isa = PBXFileReference; lastKnownFileType = sourcecode.swift; path = AppDelegate.swift; sourceTree = "<group>"; };
		3AB55CFF2445851E00E96098 /* SceneDelegate.swift */ = {isa = PBXFileReference; lastKnownFileType = sourcecode.swift; path = SceneDelegate.swift; sourceTree = "<group>"; };
		3AB55D012445851E00E96098 /* ViewController.swift */ = {isa = PBXFileReference; lastKnownFileType = sourcecode.swift; path = ViewController.swift; sourceTree = "<group>"; };
		3AB55D042445851E00E96098 /* Base */ = {isa = PBXFileReference; lastKnownFileType = file.storyboard; name = Base; path = Base.lproj/Main.storyboard; sourceTree = "<group>"; };
		3AB55D062445852000E96098 /* Assets.xcassets */ = {isa = PBXFileReference; lastKnownFileType = folder.assetcatalog; path = Assets.xcassets; sourceTree = "<group>"; };
		3AB55D092445852000E96098 /* Base */ = {isa = PBXFileReference; lastKnownFileType = file.storyboard; name = Base; path = Base.lproj/LaunchScreen.storyboard; sourceTree = "<group>"; };
		3AB55D0B2445852000E96098 /* Info.plist */ = {isa = PBXFileReference; lastKnownFileType = text.plist.xml; path = Info.plist; sourceTree = "<group>"; };
		3AB56089244586E200E96098 /* Interface.swift */ = {isa = PBXFileReference; lastKnownFileType = sourcecode.swift; path = Interface.swift; sourceTree = "<group>"; };
		3AB5609B244587DF00E96098 /* ExamplesRouter.podspec */ = {isa = PBXFileReference; lastKnownFileType = file; path = ExamplesRouter.podspec; sourceTree = SOURCE_ROOT; };
		92CE0B632B5CC76E4C9833BB /* Pods-ExamplesRouter.release.xcconfig */ = {isa = PBXFileReference; includeInIndex = 1; lastKnownFileType = text.xcconfig; name = "Pods-ExamplesRouter.release.xcconfig"; path = "Target Support Files/Pods-ExamplesRouter/Pods-ExamplesRouter.release.xcconfig"; sourceTree = "<group>"; };
		A91A290BDFACF32B080C8400 /* Pods-ExamplesRouter.debug.xcconfig */ = {isa = PBXFileReference; includeInIndex = 1; lastKnownFileType = text.xcconfig; name = "Pods-ExamplesRouter.debug.xcconfig"; path = "Target Support Files/Pods-ExamplesRouter/Pods-ExamplesRouter.debug.xcconfig"; sourceTree = "<group>"; };
/* End PBXFileReference section */

/* Begin PBXFrameworksBuildPhase section */
		3AB55CF72445851E00E96098 /* Frameworks */ = {
			isa = PBXFrameworksBuildPhase;
			buildActionMask = 2147483647;
			files = (
				5D66D290E5CF4D169A47F976 /* Pods_ExamplesRouter.framework in Frameworks */,
			);
			runOnlyForDeploymentPostprocessing = 0;
		};
/* End PBXFrameworksBuildPhase section */

/* Begin PBXGroup section */
		334150A40C50CD3F7F95DA63 /* Frameworks */ = {
			isa = PBXGroup;
			children = (
				11EA63867733B513300A478B /* Pods_ExamplesRouter.framework */,
			);
			name = Frameworks;
			sourceTree = "<group>";
		};
		3AB55CF12445851E00E96098 = {
			isa = PBXGroup;
			children = (
				3AB55CFC2445851E00E96098 /* ExamplesRouter */,
				3AB55CFB2445851E00E96098 /* Products */,
				56704A11A124F84424453D97 /* Pods */,
				334150A40C50CD3F7F95DA63 /* Frameworks */,
			);
			sourceTree = "<group>";
		};
		3AB55CFB2445851E00E96098 /* Products */ = {
			isa = PBXGroup;
			children = (
				3AB55CFA2445851E00E96098 /* ExamplesRouter.app */,
			);
			name = Products;
			sourceTree = "<group>";
		};
		3AB55CFC2445851E00E96098 /* ExamplesRouter */ = {
			isa = PBXGroup;
			children = (
				3AB5609B244587DF00E96098 /* ExamplesRouter.podspec */,
				3AB56087244586C900E96098 /* Router */,
				3AB56088244586CE00E96098 /* Other */,
			);
			path = ExamplesRouter;
			sourceTree = "<group>";
		};
		3AB56087244586C900E96098 /* Router */ = {
			isa = PBXGroup;
			children = (
				3AB56089244586E200E96098 /* Interface.swift */,
			);
			path = Router;
			sourceTree = "<group>";
		};
		3AB56088244586CE00E96098 /* Other */ = {
			isa = PBXGroup;
			children = (
				3AB55CFD2445851E00E96098 /* AppDelegate.swift */,
				3AB55CFF2445851E00E96098 /* SceneDelegate.swift */,
				3AB55D012445851E00E96098 /* ViewController.swift */,
				3AB55D032445851E00E96098 /* Main.storyboard */,
				3AB55D062445852000E96098 /* Assets.xcassets */,
				3AB55D082445852000E96098 /* LaunchScreen.storyboard */,
				3AB55D0B2445852000E96098 /* Info.plist */,
			);
			path = Other;
			sourceTree = "<group>";
		};
		56704A11A124F84424453D97 /* Pods */ = {
			isa = PBXGroup;
			children = (
				A91A290BDFACF32B080C8400 /* Pods-ExamplesRouter.debug.xcconfig */,
				92CE0B632B5CC76E4C9833BB /* Pods-ExamplesRouter.release.xcconfig */,
			);
			name = Pods;
			path = ../Pods;
			sourceTree = "<group>";
		};
/* End PBXGroup section */

/* Begin PBXNativeTarget section */
		3AB55CF92445851E00E96098 /* ExamplesRouter */ = {
			isa = PBXNativeTarget;
			buildConfigurationList = 3AB55D0E2445852000E96098 /* Build configuration list for PBXNativeTarget "ExamplesRouter" */;
			buildPhases = (
				2914DE9595C8D4C725CBBE65 /* [CP] Check Pods Manifest.lock */,
				3AB55CF62445851E00E96098 /* Sources */,
				3AB55CF72445851E00E96098 /* Frameworks */,
				3AB55CF82445851E00E96098 /* Resources */,
				2393DF3BEA8771442B02F5D5 /* [CP] Embed Pods Frameworks */,
			);
			buildRules = (
			);
			dependencies = (
			);
			name = ExamplesRouter;
			productName = ExamplesRouter;
			productReference = 3AB55CFA2445851E00E96098 /* ExamplesRouter.app */;
			productType = "com.apple.product-type.application";
		};
/* End PBXNativeTarget section */

/* Begin PBXProject section */
		3AB55CF22445851E00E96098 /* Project object */ = {
			isa = PBXProject;
			attributes = {
				LastSwiftUpdateCheck = 1140;
				LastUpgradeCheck = 1140;
				ORGANIZATIONNAME = Rakuyo;
				TargetAttributes = {
					3AB55CF92445851E00E96098 = {
						CreatedOnToolsVersion = 11.4;
					};
				};
			};
			buildConfigurationList = 3AB55CF52445851E00E96098 /* Build configuration list for PBXProject "ExamplesRouter" */;
			compatibilityVersion = "Xcode 9.3";
			developmentRegion = en;
			hasScannedForEncodings = 0;
			knownRegions = (
				en,
				Base,
			);
			mainGroup = 3AB55CF12445851E00E96098;
			productRefGroup = 3AB55CFB2445851E00E96098 /* Products */;
			projectDirPath = "";
			projectRoot = "";
			targets = (
				3AB55CF92445851E00E96098 /* ExamplesRouter */,
			);
		};
/* End PBXProject section */

/* Begin PBXResourcesBuildPhase section */
		3AB55CF82445851E00E96098 /* Resources */ = {
			isa = PBXResourcesBuildPhase;
			buildActionMask = 2147483647;
			files = (
				3AB55D0A2445852000E96098 /* LaunchScreen.storyboard in Resources */,
				3AB55D072445852000E96098 /* Assets.xcassets in Resources */,
				3AB5609C244587DF00E96098 /* ExamplesRouter.podspec in Resources */,
				3AB55D052445851E00E96098 /* Main.storyboard in Resources */,
			);
			runOnlyForDeploymentPostprocessing = 0;
		};
/* End PBXResourcesBuildPhase section */

/* Begin PBXShellScriptBuildPhase section */
		2393DF3BEA8771442B02F5D5 /* [CP] Embed Pods Frameworks */ = {
			isa = PBXShellScriptBuildPhase;
			buildActionMask = 2147483647;
			files = (
			);
			inputFileListPaths = (
				"${PODS_ROOT}/Target Support Files/Pods-ExamplesRouter/Pods-ExamplesRouter-frameworks-${CONFIGURATION}-input-files.xcfilelist",
			);
			name = "[CP] Embed Pods Frameworks";
			outputFileListPaths = (
				"${PODS_ROOT}/Target Support Files/Pods-ExamplesRouter/Pods-ExamplesRouter-frameworks-${CONFIGURATION}-output-files.xcfilelist",
			);
			runOnlyForDeploymentPostprocessing = 0;
			shellPath = /bin/sh;
			shellScript = "\"${PODS_ROOT}/Target Support Files/Pods-ExamplesRouter/Pods-ExamplesRouter-frameworks.sh\"\n";
			showEnvVarsInLog = 0;
		};
		2914DE9595C8D4C725CBBE65 /* [CP] Check Pods Manifest.lock */ = {
			isa = PBXShellScriptBuildPhase;
			buildActionMask = 2147483647;
			files = (
			);
			inputFileListPaths = (
			);
			inputPaths = (
				"${PODS_PODFILE_DIR_PATH}/Podfile.lock",
				"${PODS_ROOT}/Manifest.lock",
			);
			name = "[CP] Check Pods Manifest.lock";
			outputFileListPaths = (
			);
			outputPaths = (
				"$(DERIVED_FILE_DIR)/Pods-ExamplesRouter-checkManifestLockResult.txt",
			);
			runOnlyForDeploymentPostprocessing = 0;
			shellPath = /bin/sh;
			shellScript = "diff \"${PODS_PODFILE_DIR_PATH}/Podfile.lock\" \"${PODS_ROOT}/Manifest.lock\" > /dev/null\nif [ $? != 0 ] ; then\n    # print error to STDERR\n    echo \"error: The sandbox is not in sync with the Podfile.lock. Run 'pod install' or update your CocoaPods installation.\" >&2\n    exit 1\nfi\n# This output is used by Xcode 'outputs' to avoid re-running this script phase.\necho \"SUCCESS\" > \"${SCRIPT_OUTPUT_FILE_0}\"\n";
			showEnvVarsInLog = 0;
		};
/* End PBXShellScriptBuildPhase section */

/* Begin PBXSourcesBuildPhase section */
		3AB55CF62445851E00E96098 /* Sources */ = {
			isa = PBXSourcesBuildPhase;
			buildActionMask = 2147483647;
			files = (
				3AB55D022445851E00E96098 /* ViewController.swift in Sources */,
				3AB55CFE2445851E00E96098 /* AppDelegate.swift in Sources */,
				3AB55D002445851E00E96098 /* SceneDelegate.swift in Sources */,
				3AB5608A244586E200E96098 /* Interface.swift in Sources */,
			);
			runOnlyForDeploymentPostprocessing = 0;
		};
/* End PBXSourcesBuildPhase section */

/* Begin PBXVariantGroup section */
		3AB55D032445851E00E96098 /* Main.storyboard */ = {
			isa = PBXVariantGroup;
			children = (
				3AB55D042445851E00E96098 /* Base */,
			);
			name = Main.storyboard;
			sourceTree = "<group>";
		};
		3AB55D082445852000E96098 /* LaunchScreen.storyboard */ = {
			isa = PBXVariantGroup;
			children = (
				3AB55D092445852000E96098 /* Base */,
			);
			name = LaunchScreen.storyboard;
			sourceTree = "<group>";
		};
/* End PBXVariantGroup section */

/* Begin XCBuildConfiguration section */
		3AB55D0C2445852000E96098 /* Debug */ = {
			isa = XCBuildConfiguration;
			buildSettings = {
				ALWAYS_SEARCH_USER_PATHS = NO;
				CLANG_ANALYZER_NONNULL = YES;
				CLANG_ANALYZER_NUMBER_OBJECT_CONVERSION = YES_AGGRESSIVE;
				CLANG_CXX_LANGUAGE_STANDARD = "gnu++14";
				CLANG_CXX_LIBRARY = "libc++";
				CLANG_ENABLE_MODULES = YES;
				CLANG_ENABLE_OBJC_ARC = YES;
				CLANG_ENABLE_OBJC_WEAK = YES;
				CLANG_WARN_BLOCK_CAPTURE_AUTORELEASING = YES;
				CLANG_WARN_BOOL_CONVERSION = YES;
				CLANG_WARN_COMMA = YES;
				CLANG_WARN_CONSTANT_CONVERSION = YES;
				CLANG_WARN_DEPRECATED_OBJC_IMPLEMENTATIONS = YES;
				CLANG_WARN_DIRECT_OBJC_ISA_USAGE = YES_ERROR;
				CLANG_WARN_DOCUMENTATION_COMMENTS = YES;
				CLANG_WARN_EMPTY_BODY = YES;
				CLANG_WARN_ENUM_CONVERSION = YES;
				CLANG_WARN_INFINITE_RECURSION = YES;
				CLANG_WARN_INT_CONVERSION = YES;
				CLANG_WARN_NON_LITERAL_NULL_CONVERSION = YES;
				CLANG_WARN_OBJC_IMPLICIT_RETAIN_SELF = YES;
				CLANG_WARN_OBJC_LITERAL_CONVERSION = YES;
				CLANG_WARN_OBJC_ROOT_CLASS = YES_ERROR;
				CLANG_WARN_RANGE_LOOP_ANALYSIS = YES;
				CLANG_WARN_STRICT_PROTOTYPES = YES;
				CLANG_WARN_SUSPICIOUS_MOVE = YES;
				CLANG_WARN_UNGUARDED_AVAILABILITY = YES_AGGRESSIVE;
				CLANG_WARN_UNREACHABLE_CODE = YES;
				CLANG_WARN__DUPLICATE_METHOD_MATCH = YES;
				COPY_PHASE_STRIP = NO;
				DEBUG_INFORMATION_FORMAT = dwarf;
				ENABLE_STRICT_OBJC_MSGSEND = YES;
				ENABLE_TESTABILITY = YES;
				GCC_C_LANGUAGE_STANDARD = gnu11;
				GCC_DYNAMIC_NO_PIC = NO;
				GCC_NO_COMMON_BLOCKS = YES;
				GCC_OPTIMIZATION_LEVEL = 0;
				GCC_PREPROCESSOR_DEFINITIONS = (
					"DEBUG=1",
					"$(inherited)",
				);
				GCC_WARN_64_TO_32_BIT_CONVERSION = YES;
				GCC_WARN_ABOUT_RETURN_TYPE = YES_ERROR;
				GCC_WARN_UNDECLARED_SELECTOR = YES;
				GCC_WARN_UNINITIALIZED_AUTOS = YES_AGGRESSIVE;
				GCC_WARN_UNUSED_FUNCTION = YES;
				GCC_WARN_UNUSED_VARIABLE = YES;
				IPHONEOS_DEPLOYMENT_TARGET = 13.4;
				MTL_ENABLE_DEBUG_INFO = INCLUDE_SOURCE;
				MTL_FAST_MATH = YES;
				ONLY_ACTIVE_ARCH = YES;
				SDKROOT = iphoneos;
				SWIFT_ACTIVE_COMPILATION_CONDITIONS = DEBUG;
				SWIFT_OPTIMIZATION_LEVEL = "-Onone";
			};
			name = Debug;
		};
		3AB55D0D2445852000E96098 /* Release */ = {
			isa = XCBuildConfiguration;
			buildSettings = {
				ALWAYS_SEARCH_USER_PATHS = NO;
				CLANG_ANALYZER_NONNULL = YES;
				CLANG_ANALYZER_NUMBER_OBJECT_CONVERSION = YES_AGGRESSIVE;
				CLANG_CXX_LANGUAGE_STANDARD = "gnu++14";
				CLANG_CXX_LIBRARY = "libc++";
				CLANG_ENABLE_MODULES = YES;
				CLANG_ENABLE_OBJC_ARC = YES;
				CLANG_ENABLE_OBJC_WEAK = YES;
				CLANG_WARN_BLOCK_CAPTURE_AUTORELEASING = YES;
				CLANG_WARN_BOOL_CONVERSION = YES;
				CLANG_WARN_COMMA = YES;
				CLANG_WARN_CONSTANT_CONVERSION = YES;
				CLANG_WARN_DEPRECATED_OBJC_IMPLEMENTATIONS = YES;
				CLANG_WARN_DIRECT_OBJC_ISA_USAGE = YES_ERROR;
				CLANG_WARN_DOCUMENTATION_COMMENTS = YES;
				CLANG_WARN_EMPTY_BODY = YES;
				CLANG_WARN_ENUM_CONVERSION = YES;
				CLANG_WARN_INFINITE_RECURSION = YES;
				CLANG_WARN_INT_CONVERSION = YES;
				CLANG_WARN_NON_LITERAL_NULL_CONVERSION = YES;
				CLANG_WARN_OBJC_IMPLICIT_RETAIN_SELF = YES;
				CLANG_WARN_OBJC_LITERAL_CONVERSION = YES;
				CLANG_WARN_OBJC_ROOT_CLASS = YES_ERROR;
				CLANG_WARN_RANGE_LOOP_ANALYSIS = YES;
				CLANG_WARN_STRICT_PROTOTYPES = YES;
				CLANG_WARN_SUSPICIOUS_MOVE = YES;
				CLANG_WARN_UNGUARDED_AVAILABILITY = YES_AGGRESSIVE;
				CLANG_WARN_UNREACHABLE_CODE = YES;
				CLANG_WARN__DUPLICATE_METHOD_MATCH = YES;
				COPY_PHASE_STRIP = NO;
				DEBUG_INFORMATION_FORMAT = "dwarf-with-dsym";
				ENABLE_NS_ASSERTIONS = NO;
				ENABLE_STRICT_OBJC_MSGSEND = YES;
				GCC_C_LANGUAGE_STANDARD = gnu11;
				GCC_NO_COMMON_BLOCKS = YES;
				GCC_WARN_64_TO_32_BIT_CONVERSION = YES;
				GCC_WARN_ABOUT_RETURN_TYPE = YES_ERROR;
				GCC_WARN_UNDECLARED_SELECTOR = YES;
				GCC_WARN_UNINITIALIZED_AUTOS = YES_AGGRESSIVE;
				GCC_WARN_UNUSED_FUNCTION = YES;
				GCC_WARN_UNUSED_VARIABLE = YES;
				IPHONEOS_DEPLOYMENT_TARGET = 13.4;
				MTL_ENABLE_DEBUG_INFO = NO;
				MTL_FAST_MATH = YES;
				SDKROOT = iphoneos;
				SWIFT_COMPILATION_MODE = wholemodule;
				SWIFT_OPTIMIZATION_LEVEL = "-O";
				VALIDATE_PRODUCT = YES;
			};
			name = Release;
		};
		3AB55D0F2445852000E96098 /* Debug */ = {
			isa = XCBuildConfiguration;
			baseConfigurationReference = A91A290BDFACF32B080C8400 /* Pods-ExamplesRouter.debug.xcconfig */;
			buildSettings = {
				ASSETCATALOG_COMPILER_APPICON_NAME = AppIcon;
				CODE_SIGN_STYLE = Automatic;
				DEVELOPMENT_TEAM = 5Q8TLD2828;
				INFOPLIST_FILE = "$(SRCROOT)/ExamplesRouter/Other/Info.plist";
				LD_RUNPATH_SEARCH_PATHS = (
					"$(inherited)",
					"@executable_path/Frameworks",
				);
				PRODUCT_BUNDLE_IDENTIFIER = com.rakuyo.ExamplesRouter;
				PRODUCT_NAME = "$(TARGET_NAME)";
				SWIFT_VERSION = 5.0;
				TARGETED_DEVICE_FAMILY = "1,2";
			};
			name = Debug;
		};
		3AB55D102445852000E96098 /* Release */ = {
			isa = XCBuildConfiguration;
			baseConfigurationReference = 92CE0B632B5CC76E4C9833BB /* Pods-ExamplesRouter.release.xcconfig */;
			buildSettings = {
				ASSETCATALOG_COMPILER_APPICON_NAME = AppIcon;
				CODE_SIGN_STYLE = Automatic;
				DEVELOPMENT_TEAM = 5Q8TLD2828;
				INFOPLIST_FILE = "$(SRCROOT)/ExamplesRouter/Other/Info.plist";
				LD_RUNPATH_SEARCH_PATHS = (
					"$(inherited)",
					"@executable_path/Frameworks",
				);
				PRODUCT_BUNDLE_IDENTIFIER = com.rakuyo.ExamplesRouter;
				PRODUCT_NAME = "$(TARGET_NAME)";
				SWIFT_VERSION = 5.0;
				TARGETED_DEVICE_FAMILY = "1,2";
			};
			name = Release;
		};
/* End XCBuildConfiguration section */

/* Begin XCConfigurationList section */
		3AB55CF52445851E00E96098 /* Build configuration list for PBXProject "ExamplesRouter" */ = {
			isa = XCConfigurationList;
			buildConfigurations = (
				3AB55D0C2445852000E96098 /* Debug */,
				3AB55D0D2445852000E96098 /* Release */,
			);
			defaultConfigurationIsVisible = 0;
			defaultConfigurationName = Release;
		};
		3AB55D0E2445852000E96098 /* Build configuration list for PBXNativeTarget "ExamplesRouter" */ = {
			isa = XCConfigurationList;
			buildConfigurations = (
				3AB55D0F2445852000E96098 /* Debug */,
				3AB55D102445852000E96098 /* Release */,
			);
			defaultConfigurationIsVisible = 0;
			defaultConfigurationName = Release;
		};
/* End XCConfigurationList section */
	};
	rootObject = 3AB55CF22445851E00E96098 /* Project object */;
}
