// !$*UTF8*$!
{
	archiveVersion = 1;
	classes = {
	};
	objectVersion = 51;
	objects = {

/* Begin PBXBuildFile section */
		3A3747DD243C128500DA1651 /* AppDelegate.swift in Sources */ = {isa = PBXBuildFile; fileRef = 3A3747DC243C128500DA1651 /* AppDelegate.swift */; };
		3A3747E1243C128500DA1651 /* ViewController.swift in Sources */ = {isa = PBXBuildFile; fileRef = 3A3747E0243C128500DA1651 /* ViewController.swift */; };
		3A3747E4243C128500DA1651 /* Main.storyboard in Resources */ = {isa = PBXBuildFile; fileRef = 3A3747E2243C128500DA1651 /* Main.storyboard */; };
		3A3747E6243C128700DA1651 /* Assets.xcassets in Resources */ = {isa = PBXBuildFile; fileRef = 3A3747E5243C128700DA1651 /* Assets.xcassets */; };
		3A3747E9243C128700DA1651 /* LaunchScreen.storyboard in Resources */ = {isa = PBXBuildFile; fileRef = 3A3747E7243C128700DA1651 /* LaunchScreen.storyboard */; };
		3A3747FB243C13E800DA1651 /* Typealias.swift in Sources */ = {isa = PBXBuildFile; fileRef = 3A3747F6243C13E800DA1651 /* Typealias.swift */; };
		3A3747FC243C13E800DA1651 /* RouterError.swift in Sources */ = {isa = PBXBuildFile; fileRef = 3A3747F7243C13E800DA1651 /* RouterError.swift */; };
		3A3747FD243C13E800DA1651 /* Router+Execute.swift in Sources */ = {isa = PBXBuildFile; fileRef = 3A3747F8243C13E800DA1651 /* Router+Execute.swift */; };
		3A3747FE243C13E800DA1651 /* Router.swift in Sources */ = {isa = PBXBuildFile; fileRef = 3A3747F9243C13E800DA1651 /* Router.swift */; };
		3A3747FF243C13E800DA1651 /* RouterProtocol.swift in Sources */ = {isa = PBXBuildFile; fileRef = 3A3747FA243C13E800DA1651 /* RouterProtocol.swift */; };
		3A374802243C148700DA1651 /* RaRouter.podspec in Resources */ = {isa = PBXBuildFile; fileRef = 3A374800243C148600DA1651 /* RaRouter.podspec */; };
		3A374803243C148700DA1651 /* push.sh in Resources */ = {isa = PBXBuildFile; fileRef = 3A374801243C148600DA1651 /* push.sh */; };
		3ABA02EB24493E1700BAFCB4 /* Router+Register.swift in Sources */ = {isa = PBXBuildFile; fileRef = 3ABA02EA24493E1700BAFCB4 /* Router+Register.swift */; };
		3AF2107F2455277900C1AED2 /* RaRouterTests.swift in Sources */ = {isa = PBXBuildFile; fileRef = 3AF2107E2455277900C1AED2 /* RaRouterTests.swift */; };
		3AF21089245530B400C1AED2 /* TestInterface.swift in Sources */ = {isa = PBXBuildFile; fileRef = 3AF21088245530B400C1AED2 /* TestInterface.swift */; };
		3AF21091245538C600C1AED2 /* TestRegister.swift in Sources */ = {isa = PBXBuildFile; fileRef = 3AF21090245538C600C1AED2 /* TestRegister.swift */; };
		3AF2109924553CE300C1AED2 /* Tools.swift in Sources */ = {isa = PBXBuildFile; fileRef = 3AF2109824553CE300C1AED2 /* Tools.swift */; };
		483B9990DA510EAF0ED7E8F3 /* Pods_RaRouter.framework in Frameworks */ = {isa = PBXBuildFile; fileRef = A8FDD88AC1309928984D73F4 /* Pods_RaRouter.framework */; };
		9176B49600BA9A625F6EEF8D /* README_CN.md in Sources */ = {isa = PBXBuildFile; fileRef = 9176B1A662ABCC16E0B85DA9 /* README_CN.md */; };
		BF93EFAC64EDB273C4A1D55A /* README.md in Sources */ = {isa = PBXBuildFile; fileRef = BF93EB0B44DE2DC136339056 /* README.md */; };
/* End PBXBuildFile section */

/* Begin PBXContainerItemProxy section */
		3AF210812455277900C1AED2 /* PBXContainerItemProxy */ = {
			isa = PBXContainerItemProxy;
			containerPortal = 3A3747D1243C128500DA1651 /* Project object */;
			proxyType = 1;
			remoteGlobalIDString = 3A3747D8243C128500DA1651;
			remoteInfo = RaRouter;
		};
/* End PBXContainerItemProxy section */

/* Begin PBXFileReference section */
		3A3747D9243C128500DA1651 /* RaRouter.app */ = {isa = PBXFileReference; explicitFileType = wrapper.application; includeInIndex = 0; path = RaRouter.app; sourceTree = BUILT_PRODUCTS_DIR; };
		3A3747DC243C128500DA1651 /* AppDelegate.swift */ = {isa = PBXFileReference; lastKnownFileType = sourcecode.swift; path = AppDelegate.swift; sourceTree = "<group>"; };
		3A3747E0243C128500DA1651 /* ViewController.swift */ = {isa = PBXFileReference; lastKnownFileType = sourcecode.swift; path = ViewController.swift; sourceTree = "<group>"; };
		3A3747E3243C128500DA1651 /* Base */ = {isa = PBXFileReference; lastKnownFileType = file.storyboard; name = Base; path = Base.lproj/Main.storyboard; sourceTree = "<group>"; };
		3A3747E5243C128700DA1651 /* Assets.xcassets */ = {isa = PBXFileReference; lastKnownFileType = folder.assetcatalog; path = Assets.xcassets; sourceTree = "<group>"; };
		3A3747E8243C128700DA1651 /* Base */ = {isa = PBXFileReference; lastKnownFileType = file.storyboard; name = Base; path = Base.lproj/LaunchScreen.storyboard; sourceTree = "<group>"; };
		3A3747EA243C128700DA1651 /* Info.plist */ = {isa = PBXFileReference; lastKnownFileType = text.plist.xml; path = Info.plist; sourceTree = "<group>"; };
		3A3747F6243C13E800DA1651 /* Typealias.swift */ = {isa = PBXFileReference; fileEncoding = 4; lastKnownFileType = sourcecode.swift; path = Typealias.swift; sourceTree = "<group>"; };
		3A3747F7243C13E800DA1651 /* RouterError.swift */ = {isa = PBXFileReference; fileEncoding = 4; lastKnownFileType = sourcecode.swift; path = RouterError.swift; sourceTree = "<group>"; };
		3A3747F8243C13E800DA1651 /* Router+Execute.swift */ = {isa = PBXFileReference; fileEncoding = 4; lastKnownFileType = sourcecode.swift; path = "Router+Execute.swift"; sourceTree = "<group>"; };
		3A3747F9243C13E800DA1651 /* Router.swift */ = {isa = PBXFileReference; fileEncoding = 4; lastKnownFileType = sourcecode.swift; path = Router.swift; sourceTree = "<group>"; };
		3A3747FA243C13E800DA1651 /* RouterProtocol.swift */ = {isa = PBXFileReference; fileEncoding = 4; lastKnownFileType = sourcecode.swift; path = RouterProtocol.swift; sourceTree = "<group>"; };
		3A374800243C148600DA1651 /* RaRouter.podspec */ = {isa = PBXFileReference; explicitFileType = text.script.ruby; path = RaRouter.podspec; sourceTree = SOURCE_ROOT; };
		3A374801243C148600DA1651 /* push.sh */ = {isa = PBXFileReference; fileEncoding = 4; lastKnownFileType = text.script.sh; path = push.sh; sourceTree = SOURCE_ROOT; };
		3ABA02EA24493E1700BAFCB4 /* Router+Register.swift */ = {isa = PBXFileReference; lastKnownFileType = sourcecode.swift; path = "Router+Register.swift"; sourceTree = "<group>"; };
		3AF2107C2455277900C1AED2 /* RaRouterTests.xctest */ = {isa = PBXFileReference; explicitFileType = wrapper.cfbundle; includeInIndex = 0; path = RaRouterTests.xctest; sourceTree = BUILT_PRODUCTS_DIR; };
		3AF2107E2455277900C1AED2 /* RaRouterTests.swift */ = {isa = PBXFileReference; lastKnownFileType = sourcecode.swift; path = RaRouterTests.swift; sourceTree = "<group>"; };
		3AF210802455277900C1AED2 /* Info.plist */ = {isa = PBXFileReference; lastKnownFileType = text.plist.xml; path = Info.plist; sourceTree = "<group>"; };
		3AF21088245530B400C1AED2 /* TestInterface.swift */ = {isa = PBXFileReference; lastKnownFileType = sourcecode.swift; path = TestInterface.swift; sourceTree = "<group>"; };
		3AF21090245538C600C1AED2 /* TestRegister.swift */ = {isa = PBXFileReference; lastKnownFileType = sourcecode.swift; path = TestRegister.swift; sourceTree = "<group>"; };
		3AF2109824553CE300C1AED2 /* Tools.swift */ = {isa = PBXFileReference; lastKnownFileType = sourcecode.swift; path = Tools.swift; sourceTree = "<group>"; };
		468A012BED050C741CBED866 /* Pods-RaRouter.debug.xcconfig */ = {isa = PBXFileReference; includeInIndex = 1; lastKnownFileType = text.xcconfig; name = "Pods-RaRouter.debug.xcconfig"; path = "Target Support Files/Pods-RaRouter/Pods-RaRouter.debug.xcconfig"; sourceTree = "<group>"; };
		6DBD8580A3305CE5331BFA3C /* Pods-RaRouter.release.xcconfig */ = {isa = PBXFileReference; includeInIndex = 1; lastKnownFileType = text.xcconfig; name = "Pods-RaRouter.release.xcconfig"; path = "Target Support Files/Pods-RaRouter/Pods-RaRouter.release.xcconfig"; sourceTree = "<group>"; };
		9176B1A662ABCC16E0B85DA9 /* README_CN.md */ = {isa = PBXFileReference; fileEncoding = 4; lastKnownFileType = net.daringfireball.markdown; name = README_CN.md; path = ../../README_CN.md; sourceTree = "<group>"; };
		A8FDD88AC1309928984D73F4 /* Pods_RaRouter.framework */ = {isa = PBXFileReference; explicitFileType = wrapper.framework; includeInIndex = 0; path = Pods_RaRouter.framework; sourceTree = BUILT_PRODUCTS_DIR; };
		BF93EB0B44DE2DC136339056 /* README.md */ = {isa = PBXFileReference; fileEncoding = 4; lastKnownFileType = net.daringfireball.markdown; name = README.md; path = ../../README.md; sourceTree = "<group>"; };
/* End PBXFileReference section */

/* Begin PBXFrameworksBuildPhase section */
		3A3747D6243C128500DA1651 /* Frameworks */ = {
			isa = PBXFrameworksBuildPhase;
			buildActionMask = 2147483647;
			files = (
				483B9990DA510EAF0ED7E8F3 /* Pods_RaRouter.framework in Frameworks */,
			);
			runOnlyForDeploymentPostprocessing = 0;
		};
		3AF210792455277900C1AED2 /* Frameworks */ = {
			isa = PBXFrameworksBuildPhase;
			buildActionMask = 2147483647;
			files = (
			);
			runOnlyForDeploymentPostprocessing = 0;
		};
/* End PBXFrameworksBuildPhase section */

/* Begin PBXGroup section */
		1E6956189F253306E6372BAB /* Pods */ = {
			isa = PBXGroup;
			children = (
				468A012BED050C741CBED866 /* Pods-RaRouter.debug.xcconfig */,
				6DBD8580A3305CE5331BFA3C /* Pods-RaRouter.release.xcconfig */,
			);
			path = Pods;
			sourceTree = "<group>";
		};
		3A3747D0243C128500DA1651 = {
			isa = PBXGroup;
			children = (
				3A3747DB243C128500DA1651 /* RaRouter */,
				3AF2107D2455277900C1AED2 /* RaRouterTests */,
				3A3747DA243C128500DA1651 /* Products */,
				1E6956189F253306E6372BAB /* Pods */,
				7D4110123DC259F1B9B30372 /* Frameworks */,
			);
			sourceTree = "<group>";
		};
		3A3747DA243C128500DA1651 /* Products */ = {
			isa = PBXGroup;
			children = (
				3A3747D9243C128500DA1651 /* RaRouter.app */,
				3AF2107C2455277900C1AED2 /* RaRouterTests.xctest */,
			);
			name = Products;
			sourceTree = "<group>";
		};
		3A3747DB243C128500DA1651 /* RaRouter */ = {
			isa = PBXGroup;
			children = (
				BF93EB0B44DE2DC136339056 /* README.md */,
				9176B1A662ABCC16E0B85DA9 /* README_CN.md */,
				3A374801243C148600DA1651 /* push.sh */,
				3A374800243C148600DA1651 /* RaRouter.podspec */,
				3A3747F0243C128F00DA1651 /* Core */,
				3A3747F1243C129400DA1651 /* Other */,
			);
			path = RaRouter;
			sourceTree = "<group>";
		};
		3A3747F0243C128F00DA1651 /* Core */ = {
			isa = PBXGroup;
			children = (
				3A3747FA243C13E800DA1651 /* RouterProtocol.swift */,
				3A3747F8243C13E800DA1651 /* Router+Execute.swift */,
				3A3747F9243C13E800DA1651 /* Router.swift */,
				3ABA02EA24493E1700BAFCB4 /* Router+Register.swift */,
				3A3747F7243C13E800DA1651 /* RouterError.swift */,
				3A3747F6243C13E800DA1651 /* Typealias.swift */,
			);
			path = Core;
			sourceTree = "<group>";
		};
		3A3747F1243C129400DA1651 /* Other */ = {
			isa = PBXGroup;
			children = (
				3A3747DC243C128500DA1651 /* AppDelegate.swift */,
				3A3747E0243C128500DA1651 /* ViewController.swift */,
				3A3747E2243C128500DA1651 /* Main.storyboard */,
				3A3747E5243C128700DA1651 /* Assets.xcassets */,
				3A3747E7243C128700DA1651 /* LaunchScreen.storyboard */,
				3A3747EA243C128700DA1651 /* Info.plist */,
			);
			path = Other;
			sourceTree = "<group>";
		};
		3AF2107D2455277900C1AED2 /* RaRouterTests */ = {
			isa = PBXGroup;
			children = (
				3AF2107E2455277900C1AED2 /* RaRouterTests.swift */,
				3AF21088245530B400C1AED2 /* TestInterface.swift */,
				3AF21090245538C600C1AED2 /* TestRegister.swift */,
				3AF2109824553CE300C1AED2 /* Tools.swift */,
				3AF210802455277900C1AED2 /* Info.plist */,
			);
			path = RaRouterTests;
			sourceTree = "<group>";
		};
		7D4110123DC259F1B9B30372 /* Frameworks */ = {
			isa = PBXGroup;
			children = (
				A8FDD88AC1309928984D73F4 /* Pods_RaRouter.framework */,
			);
			name = Frameworks;
			sourceTree = "<group>";
		};
/* End PBXGroup section */

/* Begin PBXNativeTarget section */
		3A3747D8243C128500DA1651 /* RaRouter */ = {
			isa = PBXNativeTarget;
			buildConfigurationList = 3A3747ED243C128700DA1651 /* Build configuration list for PBXNativeTarget "RaRouter" */;
			buildPhases = (
				0693937999FD2448B4BA2A79 /* [CP] Check Pods Manifest.lock */,
				3A3747D5243C128500DA1651 /* Sources */,
				3A3747D6243C128500DA1651 /* Frameworks */,
				3A3747D7243C128500DA1651 /* Resources */,
				6A77D929F3F284F98F59DB92 /* [CP] Embed Pods Frameworks */,
			);
			buildRules = (
			);
			dependencies = (
			);
			name = RaRouter;
			productName = RaRouter;
			productReference = 3A3747D9243C128500DA1651 /* RaRouter.app */;
			productType = "com.apple.product-type.application";
		};
		3AF2107B2455277900C1AED2 /* RaRouterTests */ = {
			isa = PBXNativeTarget;
			buildConfigurationList = 3AF210852455277A00C1AED2 /* Build configuration list for PBXNativeTarget "RaRouterTests" */;
			buildPhases = (
				3AF210782455277900C1AED2 /* Sources */,
				3AF210792455277900C1AED2 /* Frameworks */,
				3AF2107A2455277900C1AED2 /* Resources */,
			);
			buildRules = (
			);
			dependencies = (
				3AF210822455277900C1AED2 /* PBXTargetDependency */,
			);
			name = RaRouterTests;
			productName = RaRouterTests;
			productReference = 3AF2107C2455277900C1AED2 /* RaRouterTests.xctest */;
			productType = "com.apple.product-type.bundle.unit-test";
		};
/* End PBXNativeTarget section */

/* Begin PBXProject section */
		3A3747D1243C128500DA1651 /* Project object */ = {
			isa = PBXProject;
			attributes = {
				LastSwiftUpdateCheck = 1140;
				LastUpgradeCheck = 1140;
				ORGANIZATIONNAME = Rakuyo;
				TargetAttributes = {
					3A3747D8243C128500DA1651 = {
						CreatedOnToolsVersion = 11.4;
					};
					3AF2107B2455277900C1AED2 = {
						CreatedOnToolsVersion = 11.4.1;
						TestTargetID = 3A3747D8243C128500DA1651;
					};
				};
			};
			buildConfigurationList = 3A3747D4243C128500DA1651 /* Build configuration list for PBXProject "RaRouter" */;
			compatibilityVersion = "Xcode 9.3";
			developmentRegion = en;
			hasScannedForEncodings = 0;
			knownRegions = (
				en,
				Base,
			);
			mainGroup = 3A3747D0243C128500DA1651;
			productRefGroup = 3A3747DA243C128500DA1651 /* Products */;
			projectDirPath = "";
			projectRoot = "";
			targets = (
				3A3747D8243C128500DA1651 /* RaRouter */,
				3AF2107B2455277900C1AED2 /* RaRouterTests */,
			);
		};
/* End PBXProject section */

/* Begin PBXResourcesBuildPhase section */
		3A3747D7243C128500DA1651 /* Resources */ = {
			isa = PBXResourcesBuildPhase;
			buildActionMask = 2147483647;
			files = (
				3A374802243C148700DA1651 /* RaRouter.podspec in Resources */,
				3A3747E9243C128700DA1651 /* LaunchScreen.storyboard in Resources */,
				3A3747E6243C128700DA1651 /* Assets.xcassets in Resources */,
				3A374803243C148700DA1651 /* push.sh in Resources */,
				3A3747E4243C128500DA1651 /* Main.storyboard in Resources */,
			);
			runOnlyForDeploymentPostprocessing = 0;
		};
		3AF2107A2455277900C1AED2 /* Resources */ = {
			isa = PBXResourcesBuildPhase;
			buildActionMask = 2147483647;
			files = (
			);
			runOnlyForDeploymentPostprocessing = 0;
		};
/* End PBXResourcesBuildPhase section */

/* Begin PBXShellScriptBuildPhase section */
		0693937999FD2448B4BA2A79 /* [CP] Check Pods Manifest.lock */ = {
			isa = PBXShellScriptBuildPhase;
			buildActionMask = 2147483647;
			files = (
			);
			inputFileListPaths = (
			);
			inputPaths = (
				"${PODS_PODFILE_DIR_PATH}/Podfile.lock",
				"${PODS_ROOT}/Manifest.lock",
			);
			name = "[CP] Check Pods Manifest.lock";
			outputFileListPaths = (
			);
			outputPaths = (
				"$(DERIVED_FILE_DIR)/Pods-RaRouter-checkManifestLockResult.txt",
			);
			runOnlyForDeploymentPostprocessing = 0;
			shellPath = /bin/sh;
			shellScript = "diff \"${PODS_PODFILE_DIR_PATH}/Podfile.lock\" \"${PODS_ROOT}/Manifest.lock\" > /dev/null\nif [ $? != 0 ] ; then\n    # print error to STDERR\n    echo \"error: The sandbox is not in sync with the Podfile.lock. Run 'pod install' or update your CocoaPods installation.\" >&2\n    exit 1\nfi\n# This output is used by Xcode 'outputs' to avoid re-running this script phase.\necho \"SUCCESS\" > \"${SCRIPT_OUTPUT_FILE_0}\"\n";
			showEnvVarsInLog = 0;
		};
		6A77D929F3F284F98F59DB92 /* [CP] Embed Pods Frameworks */ = {
			isa = PBXShellScriptBuildPhase;
			buildActionMask = 2147483647;
			files = (
			);
			inputFileListPaths = (
				"${PODS_ROOT}/Target Support Files/Pods-RaRouter/Pods-RaRouter-frameworks-${CONFIGURATION}-input-files.xcfilelist",
			);
			name = "[CP] Embed Pods Frameworks";
			outputFileListPaths = (
				"${PODS_ROOT}/Target Support Files/Pods-RaRouter/Pods-RaRouter-frameworks-${CONFIGURATION}-output-files.xcfilelist",
			);
			runOnlyForDeploymentPostprocessing = 0;
			shellPath = /bin/sh;
			shellScript = "\"${PODS_ROOT}/Target Support Files/Pods-RaRouter/Pods-RaRouter-frameworks.sh\"\n";
			showEnvVarsInLog = 0;
		};
/* End PBXShellScriptBuildPhase section */

/* Begin PBXSourcesBuildPhase section */
		3A3747D5243C128500DA1651 /* Sources */ = {
			isa = PBXSourcesBuildPhase;
			buildActionMask = 2147483647;
			files = (
				3A3747FD243C13E800DA1651 /* Router+Execute.swift in Sources */,
				3A3747E1243C128500DA1651 /* ViewController.swift in Sources */,
				3A3747FF243C13E800DA1651 /* RouterProtocol.swift in Sources */,
				3ABA02EB24493E1700BAFCB4 /* Router+Register.swift in Sources */,
				3A3747DD243C128500DA1651 /* AppDelegate.swift in Sources */,
				3A3747FE243C13E800DA1651 /* Router.swift in Sources */,
				3A3747FC243C13E800DA1651 /* RouterError.swift in Sources */,
				3A3747FB243C13E800DA1651 /* Typealias.swift in Sources */,
				9176B49600BA9A625F6EEF8D /* README_CN.md in Sources */,
				BF93EFAC64EDB273C4A1D55A /* README.md in Sources */,
			);
			runOnlyForDeploymentPostprocessing = 0;
		};
		3AF210782455277900C1AED2 /* Sources */ = {
			isa = PBXSourcesBuildPhase;
			buildActionMask = 2147483647;
			files = (
				3AF2107F2455277900C1AED2 /* RaRouterTests.swift in Sources */,
				3AF21089245530B400C1AED2 /* TestInterface.swift in Sources */,
				3AF21091245538C600C1AED2 /* TestRegister.swift in Sources */,
				3AF2109924553CE300C1AED2 /* Tools.swift in Sources */,
			);
			runOnlyForDeploymentPostprocessing = 0;
		};
/* End PBXSourcesBuildPhase section */

/* Begin PBXTargetDependency section */
		3AF210822455277900C1AED2 /* PBXTargetDependency */ = {
			isa = PBXTargetDependency;
			target = 3A3747D8243C128500DA1651 /* RaRouter */;
			targetProxy = 3AF210812455277900C1AED2 /* PBXContainerItemProxy */;
		};
/* End PBXTargetDependency section */

/* Begin PBXVariantGroup section */
		3A3747E2243C128500DA1651 /* Main.storyboard */ = {
			isa = PBXVariantGroup;
			children = (
				3A3747E3243C128500DA1651 /* Base */,
			);
			name = Main.storyboard;
			sourceTree = "<group>";
		};
		3A3747E7243C128700DA1651 /* LaunchScreen.storyboard */ = {
			isa = PBXVariantGroup;
			children = (
				3A3747E8243C128700DA1651 /* Base */,
			);
			name = LaunchScreen.storyboard;
			sourceTree = "<group>";
		};
/* End PBXVariantGroup section */

/* Begin XCBuildConfiguration section */
		3A3747EB243C128700DA1651 /* Debug */ = {
			isa = XCBuildConfiguration;
			buildSettings = {
				ALWAYS_SEARCH_USER_PATHS = NO;
				CLANG_ANALYZER_NONNULL = YES;
				CLANG_ANALYZER_NUMBER_OBJECT_CONVERSION = YES_AGGRESSIVE;
				CLANG_CXX_LANGUAGE_STANDARD = "gnu++14";
				CLANG_CXX_LIBRARY = "libc++";
				CLANG_ENABLE_MODULES = YES;
				CLANG_ENABLE_OBJC_ARC = YES;
				CLANG_ENABLE_OBJC_WEAK = YES;
				CLANG_WARN_BLOCK_CAPTURE_AUTORELEASING = YES;
				CLANG_WARN_BOOL_CONVERSION = YES;
				CLANG_WARN_COMMA = YES;
				CLANG_WARN_CONSTANT_CONVERSION = YES;
				CLANG_WARN_DEPRECATED_OBJC_IMPLEMENTATIONS = YES;
				CLANG_WARN_DIRECT_OBJC_ISA_USAGE = YES_ERROR;
				CLANG_WARN_DOCUMENTATION_COMMENTS = YES;
				CLANG_WARN_EMPTY_BODY = YES;
				CLANG_WARN_ENUM_CONVERSION = YES;
				CLANG_WARN_INFINITE_RECURSION = YES;
				CLANG_WARN_INT_CONVERSION = YES;
				CLANG_WARN_NON_LITERAL_NULL_CONVERSION = YES;
				CLANG_WARN_OBJC_IMPLICIT_RETAIN_SELF = YES;
				CLANG_WARN_OBJC_LITERAL_CONVERSION = YES;
				CLANG_WARN_OBJC_ROOT_CLASS = YES_ERROR;
				CLANG_WARN_RANGE_LOOP_ANALYSIS = YES;
				CLANG_WARN_STRICT_PROTOTYPES = YES;
				CLANG_WARN_SUSPICIOUS_MOVE = YES;
				CLANG_WARN_UNGUARDED_AVAILABILITY = YES_AGGRESSIVE;
				CLANG_WARN_UNREACHABLE_CODE = YES;
				CLANG_WARN__DUPLICATE_METHOD_MATCH = YES;
				COPY_PHASE_STRIP = NO;
				DEBUG_INFORMATION_FORMAT = dwarf;
				ENABLE_STRICT_OBJC_MSGSEND = YES;
				ENABLE_TESTABILITY = YES;
				GCC_C_LANGUAGE_STANDARD = gnu11;
				GCC_DYNAMIC_NO_PIC = NO;
				GCC_NO_COMMON_BLOCKS = YES;
				GCC_OPTIMIZATION_LEVEL = 0;
				GCC_PREPROCESSOR_DEFINITIONS = (
					"DEBUG=1",
					"$(inherited)",
				);
				GCC_WARN_64_TO_32_BIT_CONVERSION = YES;
				GCC_WARN_ABOUT_RETURN_TYPE = YES_ERROR;
				GCC_WARN_UNDECLARED_SELECTOR = YES;
				GCC_WARN_UNINITIALIZED_AUTOS = YES_AGGRESSIVE;
				GCC_WARN_UNUSED_FUNCTION = YES;
				GCC_WARN_UNUSED_VARIABLE = YES;
				IPHONEOS_DEPLOYMENT_TARGET = 9.0;
				MTL_ENABLE_DEBUG_INFO = INCLUDE_SOURCE;
				MTL_FAST_MATH = YES;
				ONLY_ACTIVE_ARCH = YES;
				SDKROOT = iphoneos;
				SWIFT_ACTIVE_COMPILATION_CONDITIONS = DEBUG;
				SWIFT_OPTIMIZATION_LEVEL = "-Onone";
			};
			name = Debug;
		};
		3A3747EC243C128700DA1651 /* Release */ = {
			isa = XCBuildConfiguration;
			buildSettings = {
				ALWAYS_SEARCH_USER_PATHS = NO;
				CLANG_ANALYZER_NONNULL = YES;
				CLANG_ANALYZER_NUMBER_OBJECT_CONVERSION = YES_AGGRESSIVE;
				CLANG_CXX_LANGUAGE_STANDARD = "gnu++14";
				CLANG_CXX_LIBRARY = "libc++";
				CLANG_ENABLE_MODULES = YES;
				CLANG_ENABLE_OBJC_ARC = YES;
				CLANG_ENABLE_OBJC_WEAK = YES;
				CLANG_WARN_BLOCK_CAPTURE_AUTORELEASING = YES;
				CLANG_WARN_BOOL_CONVERSION = YES;
				CLANG_WARN_COMMA = YES;
				CLANG_WARN_CONSTANT_CONVERSION = YES;
				CLANG_WARN_DEPRECATED_OBJC_IMPLEMENTATIONS = YES;
				CLANG_WARN_DIRECT_OBJC_ISA_USAGE = YES_ERROR;
				CLANG_WARN_DOCUMENTATION_COMMENTS = YES;
				CLANG_WARN_EMPTY_BODY = YES;
				CLANG_WARN_ENUM_CONVERSION = YES;
				CLANG_WARN_INFINITE_RECURSION = YES;
				CLANG_WARN_INT_CONVERSION = YES;
				CLANG_WARN_NON_LITERAL_NULL_CONVERSION = YES;
				CLANG_WARN_OBJC_IMPLICIT_RETAIN_SELF = YES;
				CLANG_WARN_OBJC_LITERAL_CONVERSION = YES;
				CLANG_WARN_OBJC_ROOT_CLASS = YES_ERROR;
				CLANG_WARN_RANGE_LOOP_ANALYSIS = YES;
				CLANG_WARN_STRICT_PROTOTYPES = YES;
				CLANG_WARN_SUSPICIOUS_MOVE = YES;
				CLANG_WARN_UNGUARDED_AVAILABILITY = YES_AGGRESSIVE;
				CLANG_WARN_UNREACHABLE_CODE = YES;
				CLANG_WARN__DUPLICATE_METHOD_MATCH = YES;
				COPY_PHASE_STRIP = NO;
				DEBUG_INFORMATION_FORMAT = "dwarf-with-dsym";
				ENABLE_NS_ASSERTIONS = NO;
				ENABLE_STRICT_OBJC_MSGSEND = YES;
				GCC_C_LANGUAGE_STANDARD = gnu11;
				GCC_NO_COMMON_BLOCKS = YES;
				GCC_WARN_64_TO_32_BIT_CONVERSION = YES;
				GCC_WARN_ABOUT_RETURN_TYPE = YES_ERROR;
				GCC_WARN_UNDECLARED_SELECTOR = YES;
				GCC_WARN_UNINITIALIZED_AUTOS = YES_AGGRESSIVE;
				GCC_WARN_UNUSED_FUNCTION = YES;
				GCC_WARN_UNUSED_VARIABLE = YES;
				IPHONEOS_DEPLOYMENT_TARGET = 9.0;
				MTL_ENABLE_DEBUG_INFO = NO;
				MTL_FAST_MATH = YES;
				SDKROOT = iphoneos;
				SWIFT_COMPILATION_MODE = wholemodule;
				SWIFT_OPTIMIZATION_LEVEL = "-O";
				VALIDATE_PRODUCT = YES;
			};
			name = Release;
		};
		3A3747EE243C128700DA1651 /* Debug */ = {
			isa = XCBuildConfiguration;
			baseConfigurationReference = 468A012BED050C741CBED866 /* Pods-RaRouter.debug.xcconfig */;
			buildSettings = {
				ASSETCATALOG_COMPILER_APPICON_NAME = AppIcon;
				CODE_SIGN_STYLE = Automatic;
				DEVELOPMENT_TEAM = 5Q8TLD2828;
				INFOPLIST_FILE = "$(SRCROOT)/RaRouter/Other/Info.plist";
				LD_RUNPATH_SEARCH_PATHS = (
					"$(inherited)",
					"@executable_path/Frameworks",
				);
				PRODUCT_BUNDLE_IDENTIFIER = com.rakuyo.RaRouter;
				PRODUCT_NAME = "$(TARGET_NAME)";
				SWIFT_VERSION = 5.0;
				TARGETED_DEVICE_FAMILY = "1,2";
			};
			name = Debug;
		};
		3A3747EF243C128700DA1651 /* Release */ = {
			isa = XCBuildConfiguration;
			baseConfigurationReference = 6DBD8580A3305CE5331BFA3C /* Pods-RaRouter.release.xcconfig */;
			buildSettings = {
				ASSETCATALOG_COMPILER_APPICON_NAME = AppIcon;
				CODE_SIGN_STYLE = Automatic;
				DEVELOPMENT_TEAM = 5Q8TLD2828;
				INFOPLIST_FILE = "$(SRCROOT)/RaRouter/Other/Info.plist";
				LD_RUNPATH_SEARCH_PATHS = (
					"$(inherited)",
					"@executable_path/Frameworks",
				);
				PRODUCT_BUNDLE_IDENTIFIER = com.rakuyo.RaRouter;
				PRODUCT_NAME = "$(TARGET_NAME)";
				SWIFT_VERSION = 5.0;
				TARGETED_DEVICE_FAMILY = "1,2";
			};
			name = Release;
		};
		3AF210832455277A00C1AED2 /* Debug */ = {
			isa = XCBuildConfiguration;
			buildSettings = {
				BUNDLE_LOADER = "$(TEST_HOST)";
				CODE_SIGN_STYLE = Automatic;
				DEVELOPMENT_TEAM = 5Q8TLD2828;
				INFOPLIST_FILE = RaRouterTests/Info.plist;
				IPHONEOS_DEPLOYMENT_TARGET = 9.0;
				LD_RUNPATH_SEARCH_PATHS = (
					"$(inherited)",
					"@executable_path/Frameworks",
					"@loader_path/Frameworks",
				);
				PRODUCT_BUNDLE_IDENTIFIER = com.rakuyo.RaRouterTests;
				PRODUCT_NAME = "$(TARGET_NAME)";
				SWIFT_VERSION = 5.0;
				TARGETED_DEVICE_FAMILY = "1,2";
				TEST_HOST = "$(BUILT_PRODUCTS_DIR)/RaRouter.app/RaRouter";
			};
			name = Debug;
		};
		3AF210842455277A00C1AED2 /* Release */ = {
			isa = XCBuildConfiguration;
			buildSettings = {
				BUNDLE_LOADER = "$(TEST_HOST)";
				CODE_SIGN_STYLE = Automatic;
				DEVELOPMENT_TEAM = 5Q8TLD2828;
				INFOPLIST_FILE = RaRouterTests/Info.plist;
				IPHONEOS_DEPLOYMENT_TARGET = 9.0;
				LD_RUNPATH_SEARCH_PATHS = (
					"$(inherited)",
					"@executable_path/Frameworks",
					"@loader_path/Frameworks",
				);
				PRODUCT_BUNDLE_IDENTIFIER = com.rakuyo.RaRouterTests;
				PRODUCT_NAME = "$(TARGET_NAME)";
				SWIFT_VERSION = 5.0;
				TARGETED_DEVICE_FAMILY = "1,2";
				TEST_HOST = "$(BUILT_PRODUCTS_DIR)/RaRouter.app/RaRouter";
			};
			name = Release;
		};
/* End XCBuildConfiguration section */

/* Begin XCConfigurationList section */
		3A3747D4243C128500DA1651 /* Build configuration list for PBXProject "RaRouter" */ = {
			isa = XCConfigurationList;
			buildConfigurations = (
				3A3747EB243C128700DA1651 /* Debug */,
				3A3747EC243C128700DA1651 /* Release */,
			);
			defaultConfigurationIsVisible = 0;
			defaultConfigurationName = Release;
		};
		3A3747ED243C128700DA1651 /* Build configuration list for PBXNativeTarget "RaRouter" */ = {
			isa = XCConfigurationList;
			buildConfigurations = (
				3A3747EE243C128700DA1651 /* Debug */,
				3A3747EF243C128700DA1651 /* Release */,
			);
			defaultConfigurationIsVisible = 0;
			defaultConfigurationName = Release;
		};
		3AF210852455277A00C1AED2 /* Build configuration list for PBXNativeTarget "RaRouterTests" */ = {
			isa = XCConfigurationList;
			buildConfigurations = (
				3AF210832455277A00C1AED2 /* Debug */,
				3AF210842455277A00C1AED2 /* Release */,
			);
			defaultConfigurationIsVisible = 0;
			defaultConfigurationName = Release;
		};
/* End XCConfigurationList section */
	};
	rootObject = 3A3747D1243C128500DA1651 /* Project object */;
}
