PODS:
  - ExamplesRouter (1.0.0-Router):
    - RaRouter
  - RaRouter (1.0.0)

DEPENDENCIES:
  - ExamplesRouter (from `ExamplesRouter/`)
  - RaRouter

SPEC REPOS:
  trunk:
    - RaRouter

EXTERNAL SOURCES:
  ExamplesRouter:
    :path: ExamplesRouter/

SPEC CHECKSUMS:
  ExamplesRouter: ceb304480d4540663ee4bb5977bb33369ece3101
  RaRouter: e6c161f6089b0afad5c4de705cb53da7c78ba4bb

PODFILE CHECKSUM: 0fc6e982ff2ee842b75879edba064efbda0b2865

COCOAPODS: 1.9.1
