PODS:
  - ModuleA (1.0.0):
    - ModuleARouter (>= 1.0.0-Router)
  - ModuleARouter (1.0.0-Router):
    - RaRouter (>= 2.0.0-beta.1)
  - RaRouter (2.0.0-beta.1)
  - RootController (1.0.0):
    - ModuleARouter (>= 1.0.0-Router)
    - RootControllerRouter (>= 1.0.0-Router)
  - RootControllerRouter (1.0.0-Router):
    - RaRouter (>= 2.0.0-beta.1)

DEPENDENCIES:
  - ModuleA (from `../ModuleA/ModuleA/`)
  - ModuleARouter (from `../ModuleA/ModuleARouter/`)
  - RootController (from `../RootController/RootController/`)
  - RootControllerRouter (from `../RootController/RootControllerRouter/`)

SPEC REPOS:
  trunk:
    - RaRouter

EXTERNAL SOURCES:
  ModuleA:
    :path: "../ModuleA/ModuleA/"
  ModuleARouter:
    :path: "../ModuleA/ModuleARouter/"
  RootController:
    :path: "../RootController/RootController/"
  RootControllerRouter:
    :path: "../RootController/RootControllerRouter/"

SPEC CHECKSUMS:
  ModuleA: 860697a2d7090502044fe41472c4106fb3cd2fd4
  ModuleARouter: e564491bd206e540c8c886dc2e7cb67a061af95c
  RaRouter: 1951dcc1736f12610ddd7be972eeec314dfa8fd4
  RootController: 827caf27e7a3b80cd2f08799574a37e385c81eeb
  RootControllerRouter: c128d05d18a9040a286ef74cb373348b2f821502

PODFILE CHECKSUM: e37dc9d7a5b2fdb3a833dc08db447186120b2adc

COCOAPODS: 1.9.3
