PODS:
  - ModuleA (1.0.0):
    - ModuleARouter (>= 1.0.0-Router)
  - ModuleARouter (1.0.0-Router):
    - RaRouter (>= 2.0.0-beta.1)
  - RaRouter (2.0.0-beta.1)
  - RootControllerRouter (1.0.0-Router):
    - RaRouter (>= 2.0.0-beta.1)

DEPENDENCIES:
  - ModuleA (from `../ModuleA/ModuleA/`)
  - ModuleARouter (from `../ModuleA/ModuleARouter/`)
  - RaRouter (>= 2.0.0-beta.1)
  - RootControllerRouter (from `RootControllerRouter/`)

SPEC REPOS:
  trunk:
    - RaRouter

EXTERNAL SOURCES:
  ModuleA:
    :path: "../ModuleA/ModuleA/"
  ModuleARouter:
    :path: "../ModuleA/ModuleARouter/"
  RootControllerRouter:
    :path: RootControllerRouter/

SPEC CHECKSUMS:
  ModuleA: 860697a2d7090502044fe41472c4106fb3cd2fd4
  ModuleARouter: e564491bd206e540c8c886dc2e7cb67a061af95c
  RaRouter: 1951dcc1736f12610ddd7be972eeec314dfa8fd4
  RootControllerRouter: c128d05d18a9040a286ef74cb373348b2f821502

PODFILE CHECKSUM: 005c936811e136d2716a3b5ec5057db633313a13

COCOAPODS: 1.9.3
